
Microsoft Visual Studio Solution File, Format Version 12.00
# Visual Studio Version 16
VisualStudioVersion = 16.0.31829.152
MinimumVisualStudioVersion = 10.0.40219.1
Project("{FAE04EC0-301F-11D3-BF4B-00C04F79EFBC}") = "Task3", "Task3\Task3.csproj", "{0C470DD7-59BE-4A2B-93A5-4F023446BE04}"
EndProject
Global
	GlobalSection(SolutionConfigurationPlatforms) = preSolution
		Debug|Any CPU = Debug|Any CPU
		Release|Any CPU = Release|Any CPU
	EndGlobalSection
	GlobalSection(ProjectConfigurationPlatforms) = postSolution
		{0C470DD7-59BE-4A2B-93A5-4F023446BE04}.Debug|Any CPU.ActiveCfg = Debug|Any CPU
		{0C470DD7-59BE-4A2B-93A5-4F023446BE04}.Debug|Any CPU.Build.0 = Debug|Any CPU
		{0C470DD7-59BE-4A2B-93A5-4F023446BE04}.Release|Any CPU.ActiveCfg = Release|Any CPU
		{0C470DD7-59BE-4A2B-93A5-4F023446BE04}.Release|Any CPU.Build.0 = Release|Any CPU
	EndGlobalSection
	GlobalSection(SolutionProperties) = preSolution
		HideSolutionNode = FALSE
	EndGlobalSection
	GlobalSection(ExtensibilityGlobals) = postSolution
		SolutionGuid = {0D54DF25-9C23-4947-9D46-57EA8656FB61}
	EndGlobalSection
EndGlobal
